
Microsoft Visual Studio Solution File, Format Version 12.00
# Visual Studio Version 16
VisualStudioVersion = 16.0.29911.84
MinimumVisualStudioVersion = 10.0.40219.1
Project("{FAE04EC0-301F-11D3-BF4B-00C04F79EFBC}") = "Microsoft.Restier.Providers.InMemory", "Microsoft.Restier.Providers.InMemory\Microsoft.Restier.Providers.InMemory.csproj", "{1CA9B17F-D3F8-4FC3-A992-5135DCCAB9DE}"
EndProject
Project("{FAE04EC0-301F-11D3-BF4B-00C04F79EFBC}") = "JetsonsReadWrite", "JetsonsReadWrite\JetsonsReadWrite.csproj", "{43BE2028-7295-480F-96D3-BB855FA08681}"
EndProject
Global
	GlobalSection(SolutionConfigurationPlatforms) = preSolution
		Debug|Any CPU = Debug|Any CPU
		Release|Any CPU = Release|Any CPU
	EndGlobalSection
	GlobalSection(ProjectConfigurationPlatforms) = postSolution
		{1CA9B17F-D3F8-4FC3-A992-5135DCCAB9DE}.Debug|Any CPU.ActiveCfg = Debug|Any CPU
		{1CA9B17F-D3F8-4FC3-A992-5135DCCAB9DE}.Debug|Any CPU.Build.0 = Debug|Any CPU
		{1CA9B17F-D3F8-4FC3-A992-5135DCCAB9DE}.Release|Any CPU.ActiveCfg = Release|Any CPU
		{1CA9B17F-D3F8-4FC3-A992-5135DCCAB9DE}.Release|Any CPU.Build.0 = Release|Any CPU
		{43BE2028-7295-480F-96D3-BB855FA08681}.Debug|Any CPU.ActiveCfg = Debug|Any CPU
		{43BE2028-7295-480F-96D3-BB855FA08681}.Debug|Any CPU.Build.0 = Debug|Any CPU
		{43BE2028-7295-480F-96D3-BB855FA08681}.Release|Any CPU.ActiveCfg = Release|Any CPU
		{43BE2028-7295-480F-96D3-BB855FA08681}.Release|Any CPU.Build.0 = Release|Any CPU
	EndGlobalSection
	GlobalSection(SolutionProperties) = preSolution
		HideSolutionNode = FALSE
	EndGlobalSection
	GlobalSection(ExtensibilityGlobals) = postSolution
		SolutionGuid = {3B1A4B13-E440-4E96-82D0-67F115F97281}
	EndGlobalSection
EndGlobal
